
Microsoft Visual Studio Solution File, Format Version 12.00
# Visual Studio Version 16
VisualStudioVersion = 16.0.29102.190
MinimumVisualStudioVersion = 10.0.40219.1
Project("{9A19103F-16F7-4668-BE54-9A1E7A4F7556}") = "StockApp", "StockApp\StockApp.csproj", "{FFDE77E5-E19F-46BE-B77C-0FAB4EC43BE2}"
EndProject
Project("{FAE04EC0-301F-11D3-BF4B-00C04F79EFBC}") = "DBAccess", "DBAccess\DBAccess.csproj", "{F6906A71-1DD6-490A-AD01-E002F780B13C}"
EndProject
Global
	GlobalSection(SolutionConfigurationPlatforms) = preSolution
		Debug|Any CPU = Debug|Any CPU
		Release|Any CPU = Release|Any CPU
	EndGlobalSection
	GlobalSection(ProjectConfigurationPlatforms) = postSolution
		{FFDE77E5-E19F-46BE-B77C-0FAB4EC43BE2}.Debug|Any CPU.ActiveCfg = Debug|Any CPU
		{FFDE77E5-E19F-46BE-B77C-0FAB4EC43BE2}.Debug|Any CPU.Build.0 = Debug|Any CPU
		{FFDE77E5-E19F-46BE-B77C-0FAB4EC43BE2}.Release|Any CPU.ActiveCfg = Release|Any CPU
		{FFDE77E5-E19F-46BE-B77C-0FAB4EC43BE2}.Release|Any CPU.Build.0 = Release|Any CPU
		{F6906A71-1DD6-490A-AD01-E002F780B13C}.Debug|Any CPU.ActiveCfg = Debug|Any CPU
		{F6906A71-1DD6-490A-AD01-E002F780B13C}.Debug|Any CPU.Build.0 = Debug|Any CPU
		{F6906A71-1DD6-490A-AD01-E002F780B13C}.Release|Any CPU.ActiveCfg = Release|Any CPU
		{F6906A71-1DD6-490A-AD01-E002F780B13C}.Release|Any CPU.Build.0 = Release|Any CPU
	EndGlobalSection
	GlobalSection(SolutionProperties) = preSolution
		HideSolutionNode = FALSE
	EndGlobalSection
	GlobalSection(ExtensibilityGlobals) = postSolution
		SolutionGuid = {EB386045-00C6-4AC2-885C-BCED28E8B059}
	EndGlobalSection
EndGlobal
